
Microsoft Visual Studio Solution File, Format Version 12.00
# Visual Studio Version 17
VisualStudioVersion = 17.5.002.0
MinimumVisualStudioVersion = 10.0.40219.1
Project("{9A19103F-16F7-4668-BE54-9A1E7A4F7556}") = "LEDGrid", "LEDGrid\LEDGrid.csproj", "{D687AE1D-9FCA-4774-ACA5-EDA16CC208D5}"
EndProject
Global
	GlobalSection(SolutionConfigurationPlatforms) = preSolution
		Debug|Any CPU = Debug|Any CPU
		Release|Any CPU = Release|Any CPU
	EndGlobalSection
	GlobalSection(ProjectConfigurationPlatforms) = postSolution
		{D687AE1D-9FCA-4774-ACA5-EDA16CC208D5}.Debug|Any CPU.ActiveCfg = Debug|Any CPU
		{D687AE1D-9FCA-4774-ACA5-EDA16CC208D5}.Debug|Any CPU.Build.0 = Debug|Any CPU
		{D687AE1D-9FCA-4774-ACA5-EDA16CC208D5}.Release|Any CPU.ActiveCfg = Release|Any CPU
		{D687AE1D-9FCA-4774-ACA5-EDA16CC208D5}.Release|Any CPU.Build.0 = Release|Any CPU
	EndGlobalSection
	GlobalSection(SolutionProperties) = preSolution
		HideSolutionNode = FALSE
	EndGlobalSection
	GlobalSection(ExtensibilityGlobals) = postSolution
		SolutionGuid = {9533CBA0-E32D-43F2-8E34-F33A9D0EDF54}
	EndGlobalSection
EndGlobal
